
Microsoft Visual Studio Solution File, Format Version 12.00
# Visual Studio 2012
Project("{FAE04EC0-301F-11D3-BF4B-00C04F79EFBC}") = "AgentWindy", "AgentWindy\AgentWindy.csproj", "{CA1FF1A8-1EA2-42C9-9B33-278265D94567}"
EndProject
Global
	GlobalSection(SolutionConfigurationPlatforms) = preSolution
		Debug|Any CPU = Debug|Any CPU
		Release|Any CPU = Release|Any CPU
	EndGlobalSection
	GlobalSection(ProjectConfigurationPlatforms) = postSolution
		{CA1FF1A8-1EA2-42C9-9B33-278265D94567}.Debug|Any CPU.ActiveCfg = Debug|Any CPU
		{CA1FF1A8-1EA2-42C9-9B33-278265D94567}.Debug|Any CPU.Build.0 = Debug|Any CPU
		{CA1FF1A8-1EA2-42C9-9B33-278265D94567}.Release|Any CPU.ActiveCfg = Release|Any CPU
		{CA1FF1A8-1EA2-42C9-9B33-278265D94567}.Release|Any CPU.Build.0 = Release|Any CPU
	EndGlobalSection
EndGlobal
